
Microsoft Visual Studio Solution File, Format Version 12.00
# Visual Studio Version 16
VisualStudioVersion = 16.0.29806.167
MinimumVisualStudioVersion = 10.0.40219.1
Project("{9A19103F-16F7-4668-BE54-9A1E7A4F7556}") = "Cbuilder", "cbuilder\Cbuilder.csproj", "{CE6794BF-45AF-4187-8B5A-35BF32CCD9B8}"
EndProject
Project("{2150E333-8FDC-42A3-9474-1A3956D46DE8}") = "core", "core", "{1C1AF5D6-A840-4E07-9500-F3CBC12B5390}"
EndProject
Project("{9A19103F-16F7-4668-BE54-9A1E7A4F7556}") = "Cbuilder.Core", "Cbuilder.Core\Cbuilder.Core.csproj", "{B5C0F7C1-B31C-4C84-ADEF-DFFB4F5430DF}"
EndProject
Project("{9A19103F-16F7-4668-BE54-9A1E7A4F7556}") = "Cbuilder.Core.Constants", "Cbuilder.Core.Constants\Cbuilder.Core.Constants.csproj", "{958C00D0-26FE-4339-8AC0-EDCE9FC63523}"
EndProject
Project("{9A19103F-16F7-4668-BE54-9A1E7A4F7556}") = "Cbuilder.Core.Helper", "Cbuilder.Core.Helper\Cbuilder.Core.Helper.csproj", "{97BDC53F-2D52-4DC6-A6A7-789C030C26E4}"
EndProject
Project("{9A19103F-16F7-4668-BE54-9A1E7A4F7556}") = "Cbuilder.SQLHelper", "Cbuilder.SQLHelper\Cbuilder.SQLHelper.csproj", "{82EFBA88-51C0-4B5C-84BD-E2A4FE02638E}"
EndProject
Project("{9A19103F-16F7-4668-BE54-9A1E7A4F7556}") = "Cbuilder.Core.API", "Cbuilder.Core.API.Response\Cbuilder.Core.API.csproj", "{90C89C81-9617-4196-BAB7-A507EF3427A7}"
EndProject
Project("{9A19103F-16F7-4668-BE54-9A1E7A4F7556}") = "Cbuilder.Core.InMemory", "Cbuilder.Core.InMemory\Cbuilder.Core.InMemory.csproj", "{5C7DFA06-DB1F-4EE3-B768-1C2C890993E0}"
EndProject
Project("{2150E333-8FDC-42A3-9474-1A3956D46DE8}") = "Library", "Library", "{11E406BF-1BAB-4EEC-A396-77A09B9DBEDC}"
EndProject
Project("{9A19103F-16F7-4668-BE54-9A1E7A4F7556}") = "web", "web\web.csproj", "{4DDCE1A0-6A1F-4920-8493-72E7F2032900}"
EndProject
Project("{9A19103F-16F7-4668-BE54-9A1E7A4F7556}") = "Cbuilder.Core.Bundle", "Cbuilder.Core.Bundle\Cbuilder.Core.Bundle.csproj", "{391ED7CC-C29A-42F5-8FED-A1755E7FFF2F}"
EndProject
Project("{9A19103F-16F7-4668-BE54-9A1E7A4F7556}") = "Cbuilder.Assets", "Cbuilder.Assets\Cbuilder.Assets.csproj", "{EBFDCF80-F768-4503-B129-5139B60A7CAD}"
EndProject
Project("{9A19103F-16F7-4668-BE54-9A1E7A4F7556}") = "Cbuilder.Webbuilder", "Cbuilder.Webbuilder\Cbuilder.Webbuilder.csproj", "{FA4668CD-9082-4207-A1F1-BB3B4B136395}"
EndProject
Project("{2150E333-8FDC-42A3-9474-1A3956D46DE8}") = "ThirdParty", "ThirdParty", "{A0431552-E45C-4601-ACCE-145AD3851C0F}"
EndProject
Project("{9A19103F-16F7-4668-BE54-9A1E7A4F7556}") = "NewtonsoftLibrary", "NewtonsoftLibrary\NewtonsoftLibrary.csproj", "{0EB859EF-AF4A-4E14-9E99-87B185124891}"
EndProject
Project("{9A19103F-16F7-4668-BE54-9A1E7A4F7556}") = "Cbuilder.Core.Role", "Cbuilder.Core.Role\Cbuilder.Core.Role.csproj", "{D02A4330-AFBB-44D4-88FA-D81EC7E35803}"
EndProject
Project("{9A19103F-16F7-4668-BE54-9A1E7A4F7556}") = "Cbuilder.Core.Pages", "Cbuilder.Core.Page\Cbuilder.Core.Pages.csproj", "{C530E30C-7FE9-4A91-8AAC-7A4C8214BF61}"
EndProject
Project("{9A19103F-16F7-4668-BE54-9A1E7A4F7556}") = "Cbuilder.Core.SEO", "Cbuilder.Core.SEO\Cbuilder.Core.SEO.csproj", "{8084EFFB-99C5-4164-8605-9E521B8795B8}"
EndProject
Project("{9A19103F-16F7-4668-BE54-9A1E7A4F7556}") = "Cbuilder.Core.Models", "CBuilder.Models\Cbuilder.Core.Models.csproj", "{CB8DC271-EE88-4DCD-BBC5-7794E4D7D63B}"
EndProject
Project("{9A19103F-16F7-4668-BE54-9A1E7A4F7556}") = "Cbuilder.Core.Users", "Cbuilder.Core.Users\Cbuilder.Core.Users.csproj", "{30BC5355-0197-426F-9ED0-76A7F17F7FE4}"
EndProject
Project("{9A19103F-16F7-4668-BE54-9A1E7A4F7556}") = "Cbuilder.Core.Permissions", "Cbuilder.Core.Permissions\Cbuilder.Core.Permissions.csproj", "{6A835B66-2484-409F-B5F9-384551300EFF}"
EndProject
Project("{9A19103F-16F7-4668-BE54-9A1E7A4F7556}") = "Cbuilder.Core.Settings", "Cbuilder.Core.Settings\Cbuilder.Core.Settings.csproj", "{8AA8D672-6181-480C-BD64-98B2CA8DAC7F}"
EndProject
Project("{9A19103F-16F7-4668-BE54-9A1E7A4F7556}") = "Documentation", "Documentation\Documentation.csproj", "{36DCC7D6-4325-42C7-ADAF-42A82DDEAEF3}"
EndProject
Project("{9A19103F-16F7-4668-BE54-9A1E7A4F7556}") = "Cbuilder.DashboardMenu", "Cbuilder.DashboardMenu\Cbuilder.DashboardMenu.csproj", "{91D10764-58CB-41C1-BD23-A9C120C008D8}"
EndProject
Project("{9A19103F-16F7-4668-BE54-9A1E7A4F7556}") = "Cbuilder.Core.MediaManagement", "Cbuilder.Core.MediaManagement\Cbuilder.Core.MediaManagement.csproj", "{528C8E80-1B62-4443-826F-4E088E9F9EC5}"
EndProject
Project("{9A19103F-16F7-4668-BE54-9A1E7A4F7556}") = "Cbuilder.Core.DynamicPost", "Cbuilder.Core.DynamicPost\Cbuilder.Core.DynamicPost.csproj", "{A8218B1D-A965-49D8-8CFD-88AA0D57A4A2}"
EndProject
Project("{9A19103F-16F7-4668-BE54-9A1E7A4F7556}") = "Cbuilder.Core.PageAction", "Cbuilder.Core.PageAction\Cbuilder.Core.PageAction.csproj", "{70A14ACE-49E2-4E5C-A886-1C37A1A20FE8}"
EndProject
Project("{9A19103F-16F7-4668-BE54-9A1E7A4F7556}") = "Cbuilder.MiniEditor", "Cbuilder.MiniEditor\Cbuilder.MiniEditor.csproj", "{4EDB1D44-52D0-43B0-BF15-4498FE9DE114}"
EndProject
Project("{9A19103F-16F7-4668-BE54-9A1E7A4F7556}") = "CBuilder.Theme", "CBuilder.Theme\CBuilder.Theme.csproj", "{C31117DA-2DC8-4F39-A1D7-AA84D68B1F22}"
EndProject
Project("{9A19103F-16F7-4668-BE54-9A1E7A4F7556}") = "Cbuilder.MandrilMailHelper", "Cbuilder.MandrilMailHelper\Cbuilder.MandrilMailHelper.csproj", "{7B050A74-6CCF-4A1C-91D8-10855D7C87F5}"
EndProject
Project("{9A19103F-16F7-4668-BE54-9A1E7A4F7556}") = "Cbuilder.ManageMassMail", "Cbuilder.ManageMassMail\Cbuilder.ManageMassMail.csproj", "{91DA8272-06A1-4549-9439-F4F3C7178B58}"
EndProject
Project("{9A19103F-16F7-4668-BE54-9A1E7A4F7556}") = "Cbuilder.EmailTemplate", "Cbuilder.EmailTemplate\Cbuilder.EmailTemplate.csproj", "{F7202127-30C2-4F75-949A-C0356C73F2A5}"
EndProject
Project("{9A19103F-16F7-4668-BE54-9A1E7A4F7556}") = "Cbuilder.NewsLetter", "Cbuilder.NewsLetter\Cbuilder.NewsLetter.csproj", "{7A8B72A4-20BD-4CB7-980A-3AA187608C30}"
EndProject
Project("{9A19103F-16F7-4668-BE54-9A1E7A4F7556}") = "Cbuilder.Analytics", "Cbuilder.Analytics\Cbuilder.Analytics.csproj", "{1B91B0D2-FE70-4EB7-8543-F71F63CA5E20}"
EndProject
Project("{9A19103F-16F7-4668-BE54-9A1E7A4F7556}") = "Cbuilder.Core.Localization", "Cbuilder.Core.Localization\Cbuilder.Core.Localization.csproj", "{A96E9DD0-3909-4C38-83AC-FE48723E0BAA}"
EndProject
Project("{9A19103F-16F7-4668-BE54-9A1E7A4F7556}") = "Cbuilder.Block", "Cbuilder.Block\Cbuilder.Block.csproj", "{29E38B02-56B8-42ED-A8D2-B091ADC7DFD4}"
EndProject
Project("{9A19103F-16F7-4668-BE54-9A1E7A4F7556}") = "CBuilder.SocialCampaign", "CBuilder.SocialCampaign\CBuilder.SocialCampaign.csproj", "{31F6CE54-AC6F-42A9-89AC-714EBAD5C849}"
EndProject
Project("{9A19103F-16F7-4668-BE54-9A1E7A4F7556}") = "Cbuilder.SecurityHelper", "Cbuilder.SecurityHelper\Cbuilder.SecurityHelper.csproj", "{ED4E7BA0-11DE-4C0C-9C05-C7C1CBB1D584}"
EndProject
Project("{9A19103F-16F7-4668-BE54-9A1E7A4F7556}") = "Cbuilder.GenericComponent", "Cbuilder.GenericComponent\Cbuilder.GenericComponent.csproj", "{DD582954-1595-462F-BEFD-066D5DBA541B}"
EndProject
Global
	GlobalSection(SolutionConfigurationPlatforms) = preSolution
		Debug|Any CPU = Debug|Any CPU
		Release|Any CPU = Release|Any CPU
	EndGlobalSection
	GlobalSection(ProjectConfigurationPlatforms) = postSolution
		{CE6794BF-45AF-4187-8B5A-35BF32CCD9B8}.Debug|Any CPU.ActiveCfg = Debug|Any CPU
		{CE6794BF-45AF-4187-8B5A-35BF32CCD9B8}.Debug|Any CPU.Build.0 = Debug|Any CPU
		{CE6794BF-45AF-4187-8B5A-35BF32CCD9B8}.Release|Any CPU.ActiveCfg = Release|Any CPU
		{CE6794BF-45AF-4187-8B5A-35BF32CCD9B8}.Release|Any CPU.Build.0 = Release|Any CPU
		{B5C0F7C1-B31C-4C84-ADEF-DFFB4F5430DF}.Debug|Any CPU.ActiveCfg = Debug|Any CPU
		{B5C0F7C1-B31C-4C84-ADEF-DFFB4F5430DF}.Debug|Any CPU.Build.0 = Debug|Any CPU
		{B5C0F7C1-B31C-4C84-ADEF-DFFB4F5430DF}.Release|Any CPU.ActiveCfg = Release|Any CPU
		{B5C0F7C1-B31C-4C84-ADEF-DFFB4F5430DF}.Release|Any CPU.Build.0 = Release|Any CPU
		{958C00D0-26FE-4339-8AC0-EDCE9FC63523}.Debug|Any CPU.ActiveCfg = Debug|Any CPU
		{958C00D0-26FE-4339-8AC0-EDCE9FC63523}.Debug|Any CPU.Build.0 = Debug|Any CPU
		{958C00D0-26FE-4339-8AC0-EDCE9FC63523}.Release|Any CPU.ActiveCfg = Release|Any CPU
		{958C00D0-26FE-4339-8AC0-EDCE9FC63523}.Release|Any CPU.Build.0 = Release|Any CPU
		{97BDC53F-2D52-4DC6-A6A7-789C030C26E4}.Debug|Any CPU.ActiveCfg = Debug|Any CPU
		{97BDC53F-2D52-4DC6-A6A7-789C030C26E4}.Debug|Any CPU.Build.0 = Debug|Any CPU
		{97BDC53F-2D52-4DC6-A6A7-789C030C26E4}.Release|Any CPU.ActiveCfg = Release|Any CPU
		{97BDC53F-2D52-4DC6-A6A7-789C030C26E4}.Release|Any CPU.Build.0 = Release|Any CPU
		{82EFBA88-51C0-4B5C-84BD-E2A4FE02638E}.Debug|Any CPU.ActiveCfg = Debug|Any CPU
		{82EFBA88-51C0-4B5C-84BD-E2A4FE02638E}.Debug|Any CPU.Build.0 = Debug|Any CPU
		{82EFBA88-51C0-4B5C-84BD-E2A4FE02638E}.Release|Any CPU.ActiveCfg = Release|Any CPU
		{82EFBA88-51C0-4B5C-84BD-E2A4FE02638E}.Release|Any CPU.Build.0 = Release|Any CPU
		{90C89C81-9617-4196-BAB7-A507EF3427A7}.Debug|Any CPU.ActiveCfg = Debug|Any CPU
		{90C89C81-9617-4196-BAB7-A507EF3427A7}.Debug|Any CPU.Build.0 = Debug|Any CPU
		{90C89C81-9617-4196-BAB7-A507EF3427A7}.Release|Any CPU.ActiveCfg = Release|Any CPU
		{90C89C81-9617-4196-BAB7-A507EF3427A7}.Release|Any CPU.Build.0 = Release|Any CPU
		{5C7DFA06-DB1F-4EE3-B768-1C2C890993E0}.Debug|Any CPU.ActiveCfg = Debug|Any CPU
		{5C7DFA06-DB1F-4EE3-B768-1C2C890993E0}.Debug|Any CPU.Build.0 = Debug|Any CPU
		{5C7DFA06-DB1F-4EE3-B768-1C2C890993E0}.Release|Any CPU.ActiveCfg = Release|Any CPU
		{5C7DFA06-DB1F-4EE3-B768-1C2C890993E0}.Release|Any CPU.Build.0 = Release|Any CPU
		{4DDCE1A0-6A1F-4920-8493-72E7F2032900}.Debug|Any CPU.ActiveCfg = Debug|Any CPU
		{4DDCE1A0-6A1F-4920-8493-72E7F2032900}.Debug|Any CPU.Build.0 = Debug|Any CPU
		{4DDCE1A0-6A1F-4920-8493-72E7F2032900}.Release|Any CPU.ActiveCfg = Release|Any CPU
		{4DDCE1A0-6A1F-4920-8493-72E7F2032900}.Release|Any CPU.Build.0 = Release|Any CPU
		{391ED7CC-C29A-42F5-8FED-A1755E7FFF2F}.Debug|Any CPU.ActiveCfg = Debug|Any CPU
		{391ED7CC-C29A-42F5-8FED-A1755E7FFF2F}.Debug|Any CPU.Build.0 = Debug|Any CPU
		{391ED7CC-C29A-42F5-8FED-A1755E7FFF2F}.Release|Any CPU.ActiveCfg = Release|Any CPU
		{391ED7CC-C29A-42F5-8FED-A1755E7FFF2F}.Release|Any CPU.Build.0 = Release|Any CPU
		{EBFDCF80-F768-4503-B129-5139B60A7CAD}.Debug|Any CPU.ActiveCfg = Debug|Any CPU
		{EBFDCF80-F768-4503-B129-5139B60A7CAD}.Debug|Any CPU.Build.0 = Debug|Any CPU
		{EBFDCF80-F768-4503-B129-5139B60A7CAD}.Release|Any CPU.ActiveCfg = Release|Any CPU
		{EBFDCF80-F768-4503-B129-5139B60A7CAD}.Release|Any CPU.Build.0 = Release|Any CPU
		{FA4668CD-9082-4207-A1F1-BB3B4B136395}.Debug|Any CPU.ActiveCfg = Debug|Any CPU
		{FA4668CD-9082-4207-A1F1-BB3B4B136395}.Debug|Any CPU.Build.0 = Debug|Any CPU
		{FA4668CD-9082-4207-A1F1-BB3B4B136395}.Release|Any CPU.ActiveCfg = Release|Any CPU
		{FA4668CD-9082-4207-A1F1-BB3B4B136395}.Release|Any CPU.Build.0 = Release|Any CPU
		{0EB859EF-AF4A-4E14-9E99-87B185124891}.Debug|Any CPU.ActiveCfg = Debug|Any CPU
		{0EB859EF-AF4A-4E14-9E99-87B185124891}.Debug|Any CPU.Build.0 = Debug|Any CPU
		{0EB859EF-AF4A-4E14-9E99-87B185124891}.Release|Any CPU.ActiveCfg = Release|Any CPU
		{0EB859EF-AF4A-4E14-9E99-87B185124891}.Release|Any CPU.Build.0 = Release|Any CPU
		{D02A4330-AFBB-44D4-88FA-D81EC7E35803}.Debug|Any CPU.ActiveCfg = Debug|Any CPU
		{D02A4330-AFBB-44D4-88FA-D81EC7E35803}.Debug|Any CPU.Build.0 = Debug|Any CPU
		{D02A4330-AFBB-44D4-88FA-D81EC7E35803}.Release|Any CPU.ActiveCfg = Release|Any CPU
		{D02A4330-AFBB-44D4-88FA-D81EC7E35803}.Release|Any CPU.Build.0 = Release|Any CPU
		{C530E30C-7FE9-4A91-8AAC-7A4C8214BF61}.Debug|Any CPU.ActiveCfg = Debug|Any CPU
		{C530E30C-7FE9-4A91-8AAC-7A4C8214BF61}.Debug|Any CPU.Build.0 = Debug|Any CPU
		{C530E30C-7FE9-4A91-8AAC-7A4C8214BF61}.Release|Any CPU.ActiveCfg = Release|Any CPU
		{C530E30C-7FE9-4A91-8AAC-7A4C8214BF61}.Release|Any CPU.Build.0 = Release|Any CPU
		{8084EFFB-99C5-4164-8605-9E521B8795B8}.Debug|Any CPU.ActiveCfg = Debug|Any CPU
		{8084EFFB-99C5-4164-8605-9E521B8795B8}.Debug|Any CPU.Build.0 = Debug|Any CPU
		{8084EFFB-99C5-4164-8605-9E521B8795B8}.Release|Any CPU.ActiveCfg = Release|Any CPU
		{8084EFFB-99C5-4164-8605-9E521B8795B8}.Release|Any CPU.Build.0 = Release|Any CPU
		{CB8DC271-EE88-4DCD-BBC5-7794E4D7D63B}.Debug|Any CPU.ActiveCfg = Debug|Any CPU
		{CB8DC271-EE88-4DCD-BBC5-7794E4D7D63B}.Debug|Any CPU.Build.0 = Debug|Any CPU
		{CB8DC271-EE88-4DCD-BBC5-7794E4D7D63B}.Release|Any CPU.ActiveCfg = Release|Any CPU
		{CB8DC271-EE88-4DCD-BBC5-7794E4D7D63B}.Release|Any CPU.Build.0 = Release|Any CPU
		{30BC5355-0197-426F-9ED0-76A7F17F7FE4}.Debug|Any CPU.ActiveCfg = Debug|Any CPU
		{30BC5355-0197-426F-9ED0-76A7F17F7FE4}.Debug|Any CPU.Build.0 = Debug|Any CPU
		{30BC5355-0197-426F-9ED0-76A7F17F7FE4}.Release|Any CPU.ActiveCfg = Release|Any CPU
		{30BC5355-0197-426F-9ED0-76A7F17F7FE4}.Release|Any CPU.Build.0 = Release|Any CPU
		{6A835B66-2484-409F-B5F9-384551300EFF}.Debug|Any CPU.ActiveCfg = Debug|Any CPU
		{6A835B66-2484-409F-B5F9-384551300EFF}.Debug|Any CPU.Build.0 = Debug|Any CPU
		{6A835B66-2484-409F-B5F9-384551300EFF}.Release|Any CPU.ActiveCfg = Release|Any CPU
		{6A835B66-2484-409F-B5F9-384551300EFF}.Release|Any CPU.Build.0 = Release|Any CPU
		{8AA8D672-6181-480C-BD64-98B2CA8DAC7F}.Debug|Any CPU.ActiveCfg = Debug|Any CPU
		{8AA8D672-6181-480C-BD64-98B2CA8DAC7F}.Debug|Any CPU.Build.0 = Debug|Any CPU
		{8AA8D672-6181-480C-BD64-98B2CA8DAC7F}.Release|Any CPU.ActiveCfg = Release|Any CPU
		{8AA8D672-6181-480C-BD64-98B2CA8DAC7F}.Release|Any CPU.Build.0 = Release|Any CPU
		{36DCC7D6-4325-42C7-ADAF-42A82DDEAEF3}.Debug|Any CPU.ActiveCfg = Debug|Any CPU
		{36DCC7D6-4325-42C7-ADAF-42A82DDEAEF3}.Debug|Any CPU.Build.0 = Debug|Any CPU
		{36DCC7D6-4325-42C7-ADAF-42A82DDEAEF3}.Release|Any CPU.ActiveCfg = Release|Any CPU
		{36DCC7D6-4325-42C7-ADAF-42A82DDEAEF3}.Release|Any CPU.Build.0 = Release|Any CPU
		{91D10764-58CB-41C1-BD23-A9C120C008D8}.Debug|Any CPU.ActiveCfg = Debug|Any CPU
		{91D10764-58CB-41C1-BD23-A9C120C008D8}.Debug|Any CPU.Build.0 = Debug|Any CPU
		{91D10764-58CB-41C1-BD23-A9C120C008D8}.Release|Any CPU.ActiveCfg = Release|Any CPU
		{91D10764-58CB-41C1-BD23-A9C120C008D8}.Release|Any CPU.Build.0 = Release|Any CPU
		{528C8E80-1B62-4443-826F-4E088E9F9EC5}.Debug|Any CPU.ActiveCfg = Debug|Any CPU
		{528C8E80-1B62-4443-826F-4E088E9F9EC5}.Debug|Any CPU.Build.0 = Debug|Any CPU
		{528C8E80-1B62-4443-826F-4E088E9F9EC5}.Release|Any CPU.ActiveCfg = Release|Any CPU
		{528C8E80-1B62-4443-826F-4E088E9F9EC5}.Release|Any CPU.Build.0 = Release|Any CPU
		{A8218B1D-A965-49D8-8CFD-88AA0D57A4A2}.Debug|Any CPU.ActiveCfg = Debug|Any CPU
		{A8218B1D-A965-49D8-8CFD-88AA0D57A4A2}.Debug|Any CPU.Build.0 = Debug|Any CPU
		{A8218B1D-A965-49D8-8CFD-88AA0D57A4A2}.Release|Any CPU.ActiveCfg = Release|Any CPU
		{A8218B1D-A965-49D8-8CFD-88AA0D57A4A2}.Release|Any CPU.Build.0 = Release|Any CPU
		{70A14ACE-49E2-4E5C-A886-1C37A1A20FE8}.Debug|Any CPU.ActiveCfg = Debug|Any CPU
		{70A14ACE-49E2-4E5C-A886-1C37A1A20FE8}.Debug|Any CPU.Build.0 = Debug|Any CPU
		{70A14ACE-49E2-4E5C-A886-1C37A1A20FE8}.Release|Any CPU.ActiveCfg = Release|Any CPU
		{70A14ACE-49E2-4E5C-A886-1C37A1A20FE8}.Release|Any CPU.Build.0 = Release|Any CPU
		{4EDB1D44-52D0-43B0-BF15-4498FE9DE114}.Debug|Any CPU.ActiveCfg = Debug|Any CPU
		{4EDB1D44-52D0-43B0-BF15-4498FE9DE114}.Debug|Any CPU.Build.0 = Debug|Any CPU
		{4EDB1D44-52D0-43B0-BF15-4498FE9DE114}.Release|Any CPU.ActiveCfg = Release|Any CPU
		{4EDB1D44-52D0-43B0-BF15-4498FE9DE114}.Release|Any CPU.Build.0 = Release|Any CPU
		{C31117DA-2DC8-4F39-A1D7-AA84D68B1F22}.Debug|Any CPU.ActiveCfg = Debug|Any CPU
		{C31117DA-2DC8-4F39-A1D7-AA84D68B1F22}.Debug|Any CPU.Build.0 = Debug|Any CPU
		{C31117DA-2DC8-4F39-A1D7-AA84D68B1F22}.Release|Any CPU.ActiveCfg = Release|Any CPU
		{C31117DA-2DC8-4F39-A1D7-AA84D68B1F22}.Release|Any CPU.Build.0 = Release|Any CPU
		{7B050A74-6CCF-4A1C-91D8-10855D7C87F5}.Debug|Any CPU.ActiveCfg = Debug|Any CPU
		{7B050A74-6CCF-4A1C-91D8-10855D7C87F5}.Debug|Any CPU.Build.0 = Debug|Any CPU
		{7B050A74-6CCF-4A1C-91D8-10855D7C87F5}.Release|Any CPU.ActiveCfg = Release|Any CPU
		{7B050A74-6CCF-4A1C-91D8-10855D7C87F5}.Release|Any CPU.Build.0 = Release|Any CPU
		{91DA8272-06A1-4549-9439-F4F3C7178B58}.Debug|Any CPU.ActiveCfg = Debug|Any CPU
		{91DA8272-06A1-4549-9439-F4F3C7178B58}.Debug|Any CPU.Build.0 = Debug|Any CPU
		{91DA8272-06A1-4549-9439-F4F3C7178B58}.Release|Any CPU.ActiveCfg = Release|Any CPU
		{91DA8272-06A1-4549-9439-F4F3C7178B58}.Release|Any CPU.Build.0 = Release|Any CPU
		{F7202127-30C2-4F75-949A-C0356C73F2A5}.Debug|Any CPU.ActiveCfg = Debug|Any CPU
		{F7202127-30C2-4F75-949A-C0356C73F2A5}.Debug|Any CPU.Build.0 = Debug|Any CPU
		{F7202127-30C2-4F75-949A-C0356C73F2A5}.Release|Any CPU.ActiveCfg = Release|Any CPU
		{F7202127-30C2-4F75-949A-C0356C73F2A5}.Release|Any CPU.Build.0 = Release|Any CPU
		{7A8B72A4-20BD-4CB7-980A-3AA187608C30}.Debug|Any CPU.ActiveCfg = Debug|Any CPU
		{7A8B72A4-20BD-4CB7-980A-3AA187608C30}.Debug|Any CPU.Build.0 = Debug|Any CPU
		{7A8B72A4-20BD-4CB7-980A-3AA187608C30}.Release|Any CPU.ActiveCfg = Release|Any CPU
		{7A8B72A4-20BD-4CB7-980A-3AA187608C30}.Release|Any CPU.Build.0 = Release|Any CPU
		{1B91B0D2-FE70-4EB7-8543-F71F63CA5E20}.Debug|Any CPU.ActiveCfg = Debug|Any CPU
		{1B91B0D2-FE70-4EB7-8543-F71F63CA5E20}.Debug|Any CPU.Build.0 = Debug|Any CPU
		{1B91B0D2-FE70-4EB7-8543-F71F63CA5E20}.Release|Any CPU.ActiveCfg = Release|Any CPU
		{1B91B0D2-FE70-4EB7-8543-F71F63CA5E20}.Release|Any CPU.Build.0 = Release|Any CPU
		{A96E9DD0-3909-4C38-83AC-FE48723E0BAA}.Debug|Any CPU.ActiveCfg = Debug|Any CPU
		{A96E9DD0-3909-4C38-83AC-FE48723E0BAA}.Debug|Any CPU.Build.0 = Debug|Any CPU
		{A96E9DD0-3909-4C38-83AC-FE48723E0BAA}.Release|Any CPU.ActiveCfg = Release|Any CPU
		{A96E9DD0-3909-4C38-83AC-FE48723E0BAA}.Release|Any CPU.Build.0 = Release|Any CPU
		{29E38B02-56B8-42ED-A8D2-B091ADC7DFD4}.Debug|Any CPU.ActiveCfg = Debug|Any CPU
		{29E38B02-56B8-42ED-A8D2-B091ADC7DFD4}.Debug|Any CPU.Build.0 = Debug|Any CPU
		{29E38B02-56B8-42ED-A8D2-B091ADC7DFD4}.Release|Any CPU.ActiveCfg = Release|Any CPU
		{29E38B02-56B8-42ED-A8D2-B091ADC7DFD4}.Release|Any CPU.Build.0 = Release|Any CPU
		{31F6CE54-AC6F-42A9-89AC-714EBAD5C849}.Debug|Any CPU.ActiveCfg = Debug|Any CPU
		{31F6CE54-AC6F-42A9-89AC-714EBAD5C849}.Debug|Any CPU.Build.0 = Debug|Any CPU
		{31F6CE54-AC6F-42A9-89AC-714EBAD5C849}.Release|Any CPU.ActiveCfg = Release|Any CPU
		{31F6CE54-AC6F-42A9-89AC-714EBAD5C849}.Release|Any CPU.Build.0 = Release|Any CPU
		{ED4E7BA0-11DE-4C0C-9C05-C7C1CBB1D584}.Debug|Any CPU.ActiveCfg = Debug|Any CPU
		{ED4E7BA0-11DE-4C0C-9C05-C7C1CBB1D584}.Debug|Any CPU.Build.0 = Debug|Any CPU
		{ED4E7BA0-11DE-4C0C-9C05-C7C1CBB1D584}.Release|Any CPU.ActiveCfg = Release|Any CPU
		{ED4E7BA0-11DE-4C0C-9C05-C7C1CBB1D584}.Release|Any CPU.Build.0 = Release|Any CPU
		{DD582954-1595-462F-BEFD-066D5DBA541B}.Debug|Any CPU.ActiveCfg = Debug|Any CPU
		{DD582954-1595-462F-BEFD-066D5DBA541B}.Debug|Any CPU.Build.0 = Debug|Any CPU
		{DD582954-1595-462F-BEFD-066D5DBA541B}.Release|Any CPU.ActiveCfg = Release|Any CPU
		{DD582954-1595-462F-BEFD-066D5DBA541B}.Release|Any CPU.Build.0 = Release|Any CPU
	EndGlobalSection
	GlobalSection(SolutionProperties) = preSolution
		HideSolutionNode = FALSE
	EndGlobalSection
	GlobalSection(NestedProjects) = preSolution
		{B5C0F7C1-B31C-4C84-ADEF-DFFB4F5430DF} = {1C1AF5D6-A840-4E07-9500-F3CBC12B5390}
		{958C00D0-26FE-4339-8AC0-EDCE9FC63523} = {1C1AF5D6-A840-4E07-9500-F3CBC12B5390}
		{97BDC53F-2D52-4DC6-A6A7-789C030C26E4} = {1C1AF5D6-A840-4E07-9500-F3CBC12B5390}
		{82EFBA88-51C0-4B5C-84BD-E2A4FE02638E} = {1C1AF5D6-A840-4E07-9500-F3CBC12B5390}
		{90C89C81-9617-4196-BAB7-A507EF3427A7} = {1C1AF5D6-A840-4E07-9500-F3CBC12B5390}
		{5C7DFA06-DB1F-4EE3-B768-1C2C890993E0} = {1C1AF5D6-A840-4E07-9500-F3CBC12B5390}
		{391ED7CC-C29A-42F5-8FED-A1755E7FFF2F} = {1C1AF5D6-A840-4E07-9500-F3CBC12B5390}
		{EBFDCF80-F768-4503-B129-5139B60A7CAD} = {11E406BF-1BAB-4EEC-A396-77A09B9DBEDC}
		{FA4668CD-9082-4207-A1F1-BB3B4B136395} = {1C1AF5D6-A840-4E07-9500-F3CBC12B5390}
		{0EB859EF-AF4A-4E14-9E99-87B185124891} = {A0431552-E45C-4601-ACCE-145AD3851C0F}
		{D02A4330-AFBB-44D4-88FA-D81EC7E35803} = {1C1AF5D6-A840-4E07-9500-F3CBC12B5390}
		{C530E30C-7FE9-4A91-8AAC-7A4C8214BF61} = {1C1AF5D6-A840-4E07-9500-F3CBC12B5390}
		{8084EFFB-99C5-4164-8605-9E521B8795B8} = {1C1AF5D6-A840-4E07-9500-F3CBC12B5390}
		{CB8DC271-EE88-4DCD-BBC5-7794E4D7D63B} = {1C1AF5D6-A840-4E07-9500-F3CBC12B5390}
		{30BC5355-0197-426F-9ED0-76A7F17F7FE4} = {1C1AF5D6-A840-4E07-9500-F3CBC12B5390}
		{6A835B66-2484-409F-B5F9-384551300EFF} = {1C1AF5D6-A840-4E07-9500-F3CBC12B5390}
		{8AA8D672-6181-480C-BD64-98B2CA8DAC7F} = {1C1AF5D6-A840-4E07-9500-F3CBC12B5390}
		{91D10764-58CB-41C1-BD23-A9C120C008D8} = {11E406BF-1BAB-4EEC-A396-77A09B9DBEDC}
		{528C8E80-1B62-4443-826F-4E088E9F9EC5} = {1C1AF5D6-A840-4E07-9500-F3CBC12B5390}
		{A8218B1D-A965-49D8-8CFD-88AA0D57A4A2} = {1C1AF5D6-A840-4E07-9500-F3CBC12B5390}
		{70A14ACE-49E2-4E5C-A886-1C37A1A20FE8} = {1C1AF5D6-A840-4E07-9500-F3CBC12B5390}
		{4EDB1D44-52D0-43B0-BF15-4498FE9DE114} = {11E406BF-1BAB-4EEC-A396-77A09B9DBEDC}
		{C31117DA-2DC8-4F39-A1D7-AA84D68B1F22} = {11E406BF-1BAB-4EEC-A396-77A09B9DBEDC}
		{7B050A74-6CCF-4A1C-91D8-10855D7C87F5} = {11E406BF-1BAB-4EEC-A396-77A09B9DBEDC}
		{91DA8272-06A1-4549-9439-F4F3C7178B58} = {11E406BF-1BAB-4EEC-A396-77A09B9DBEDC}
		{F7202127-30C2-4F75-949A-C0356C73F2A5} = {11E406BF-1BAB-4EEC-A396-77A09B9DBEDC}
		{7A8B72A4-20BD-4CB7-980A-3AA187608C30} = {11E406BF-1BAB-4EEC-A396-77A09B9DBEDC}
		{1B91B0D2-FE70-4EB7-8543-F71F63CA5E20} = {11E406BF-1BAB-4EEC-A396-77A09B9DBEDC}
		{A96E9DD0-3909-4C38-83AC-FE48723E0BAA} = {1C1AF5D6-A840-4E07-9500-F3CBC12B5390}
		{29E38B02-56B8-42ED-A8D2-B091ADC7DFD4} = {1C1AF5D6-A840-4E07-9500-F3CBC12B5390}
		{31F6CE54-AC6F-42A9-89AC-714EBAD5C849} = {11E406BF-1BAB-4EEC-A396-77A09B9DBEDC}
		{ED4E7BA0-11DE-4C0C-9C05-C7C1CBB1D584} = {1C1AF5D6-A840-4E07-9500-F3CBC12B5390}
		{DD582954-1595-462F-BEFD-066D5DBA541B} = {1C1AF5D6-A840-4E07-9500-F3CBC12B5390}
	EndGlobalSection
	GlobalSection(ExtensibilityGlobals) = postSolution
		SolutionGuid = {0023F805-AB98-4BF5-A42D-B7B97E580848}
	EndGlobalSection
EndGlobal
